
Microsoft Visual Studio Solution File, Format Version 12.00
# Visual Studio Version 17
VisualStudioVersion = 17.5.33530.505
MinimumVisualStudioVersion = 10.0.40219.1
Project("{FAE04EC0-301F-11D3-BF4B-00C04F79EFBC}") = "Chinook", "Chinook\Chinook.csproj", "{B1CABE8F-E29D-446A-8F53-673350901A9B}"
EndProject
Global
	GlobalSection(SolutionConfigurationPlatforms) = preSolution
		Debug|Any CPU = Debug|Any CPU
		Release|Any CPU = Release|Any CPU
	EndGlobalSection
	GlobalSection(ProjectConfigurationPlatforms) = postSolution
		{B1CABE8F-E29D-446A-8F53-673350901A9B}.Debug|Any CPU.ActiveCfg = Debug|Any CPU
		{B1CABE8F-E29D-446A-8F53-673350901A9B}.Debug|Any CPU.Build.0 = Debug|Any CPU
		{B1CABE8F-E29D-446A-8F53-673350901A9B}.Release|Any CPU.ActiveCfg = Release|Any CPU
		{B1CABE8F-E29D-446A-8F53-673350901A9B}.Release|Any CPU.Build.0 = Release|Any CPU
	EndGlobalSection
	GlobalSection(SolutionProperties) = preSolution
		HideSolutionNode = FALSE
	EndGlobalSection
	GlobalSection(ExtensibilityGlobals) = postSolution
		SolutionGuid = {C42912B1-F478-4978-909F-53D586009990}
	EndGlobalSection
EndGlobal
